{
  "name": "toml-example",
  "version": "1.0.0",
  "lockfileVersion": 1,
  "requires": true,
  "dependencies": {
    "toml": {
      "version": "2.3.3",
      "resolved": "http://registry.npm.taobao.org/toml/download/toml-2.3.3.tgz",
      "integrity": "sha1-jWg9cpV3yyhiMd/HqK/+WNMXKPs="
    },
    "toml-js": {
      "version": "0.0.8",
      "resolved": "http://registry.npm.taobao.org/toml-js/download/toml-js-0.0.8.tgz",
      "integrity": "sha1-ZI6m8aTWOxnAuzC47QPkDQlHOwo="
    }
  }
}
