{
  "name": "test",
  "version": "1.0.0",
  "lockfileVersion": 1,
  "dependencies": {
    "axios": {
      "version": "0.16.2",
      "resolved": "http://172.16.21.1:8081/repository/npm-group/axios/-/axios-0.16.2.tgz",
      "integrity": "sha1-uk+S8XFn37q0CYN4VFS5rBScPG0="
    },
    "debug": {
      "version": "2.6.8",
      "resolved": "http://172.16.21.1:8081/repository/npm-group/debug/-/debug-2.6.8.tgz",
      "integrity": "sha1-5zFTHKLt4n0YgiJCfaF4IdaP9Pw="
    },
    "decompress-response": {
      "version": "3.3.0",
      "resolved": "http://172.16.21.1:8081/repository/npm-group/decompress-response/-/decompress-response-3.3.0.tgz",
      "integrity": "sha1-gKTdMjdIOEv6JICDYirt7Jgq3/M="
    },
    "duplexer3": {
      "version": "0.1.4",
      "resolved": "http://172.16.21.1:8081/repository/npm-group/duplexer3/-/duplexer3-0.1.4.tgz",
      "integrity": "sha1-7gHdHKwO08vH/b6jfcCo8c4ALOI="
    },
    "encoding": {
      "version": "0.1.12",
      "resolved": "http://172.16.21.1:8081/repository/npm-group/encoding/-/encoding-0.1.12.tgz",
      "integrity": "sha1-U4tm8+5izRq1HsMjgp0flIDHS+s="
    },
    "follow-redirects": {
      "version": "1.2.4",
      "resolved": "http://172.16.21.1:8081/repository/npm-group/follow-redirects/-/follow-redirects-1.2.4.tgz",
      "integrity": "sha1-NV6PTRaHa0P1d7DVziZouXIyFOo="
    },
    "get-stream": {
      "version": "3.0.0",
      "resolved": "http://172.16.21.1:8081/repository/npm-group/get-stream/-/get-stream-3.0.0.tgz",
      "integrity": "sha1-jpQ9E1jcN1VQVOy+LtsFqhdO3hQ="
    },
    "got": {
      "version": "7.1.0",
      "resolved": "http://172.16.21.1:8081/repository/npm-group/got/-/got-7.1.0.tgz",
      "integrity": "sha1-BUUP2ECU5rvqVvRRpDqcKJFmOFo="
    },
    "has-symbol-support-x": {
      "version": "1.4.0",
      "resolved": "http://172.16.21.1:8081/repository/npm-group/has-symbol-support-x/-/has-symbol-support-x-1.4.0.tgz",
      "integrity": "sha1-RC2JsdCsbPX/L3uRbuU5hpuTolY="
    },
    "has-to-string-tag-x": {
      "version": "1.4.0",
      "resolved": "http://172.16.21.1:8081/repository/npm-group/has-to-string-tag-x/-/has-to-string-tag-x-1.4.0.tgz",
      "integrity": "sha1-Sde83oXCQJvjisMn4+EZpFFlfHs="
    },
    "iconv-lite": {
      "version": "0.4.18",
      "resolved": "http://172.16.21.1:8081/repository/npm-group/iconv-lite/-/iconv-lite-0.4.18.tgz",
      "integrity": "sha1-I9hlaxaq5nQqwpcy6o8DNqR4nPI="
    },
    "is-buffer": {
      "version": "1.1.5",
      "resolved": "http://172.16.21.1:8081/repository/npm-group/is-buffer/-/is-buffer-1.1.5.tgz",
      "integrity": "sha1-Hzsm72E7IUuIy8ojzGwB2Hlh7sw="
    },
    "is-object": {
      "version": "1.0.1",
      "resolved": "http://172.16.21.1:8081/repository/npm-group/is-object/-/is-object-1.0.1.tgz",
      "integrity": "sha1-iVJojF7C/9awPsyF52ngKQMINHA="
    },
    "is-plain-obj": {
      "version": "1.1.0",
      "resolved": "http://172.16.21.1:8081/repository/npm-group/is-plain-obj/-/is-plain-obj-1.1.0.tgz",
      "integrity": "sha1-caUMhCnfync8kqOQpKA7OfzVHT4="
    },
    "is-retry-allowed": {
      "version": "1.1.0",
      "resolved": "http://172.16.21.1:8081/repository/npm-group/is-retry-allowed/-/is-retry-allowed-1.1.0.tgz",
      "integrity": "sha1-EaBgVotnM5REAz0BJaYaINVk+zQ="
    },
    "is-stream": {
      "version": "1.1.0",
      "resolved": "http://172.16.21.1:8081/repository/npm-group/is-stream/-/is-stream-1.1.0.tgz",
      "integrity": "sha1-EtSj3U5o4Lec6428hBc66A2RykQ="
    },
    "isurl": {
      "version": "1.0.0",
      "resolved": "http://172.16.21.1:8081/repository/npm-group/isurl/-/isurl-1.0.0.tgz",
      "integrity": "sha1-sn9PSfPNqj6kSgpbfzRi5u3DnWc="
    },
    "lowercase-keys": {
      "version": "1.0.0",
      "resolved": "http://172.16.21.1:8081/repository/npm-group/lowercase-keys/-/lowercase-keys-1.0.0.tgz",
      "integrity": "sha1-TjNms55/VFfjXxMkvfb4jQv8cwY="
    },
    "mimic-response": {
      "version": "1.0.0",
      "resolved": "http://172.16.21.1:8081/repository/npm-group/mimic-response/-/mimic-response-1.0.0.tgz",
      "integrity": "sha1-3z02Uqc/3ta5sLJBRub9BSNTRY4="
    },
    "ms": {
      "version": "2.0.0",
      "resolved": "http://172.16.21.1:8081/repository/npm-group/ms/-/ms-2.0.0.tgz",
      "integrity": "sha1-VgiurfwAvmwpAd9fmGF4jeDVl8g="
    },
    "node-fetch": {
      "version": "1.7.1",
      "resolved": "http://172.16.21.1:8081/repository/npm-group/node-fetch/-/node-fetch-1.7.1.tgz",
      "integrity": "sha1-iZyz0KPJL5UsR/G4dvTIrqvUANU="
    },
    "p-cancelable": {
      "version": "0.3.0",
      "resolved": "http://172.16.21.1:8081/repository/npm-group/p-cancelable/-/p-cancelable-0.3.0.tgz",
      "integrity": "sha1-ueEjgAvOu3rBOkeb4ZW1B7mNMPo="
    },
    "p-finally": {
      "version": "1.0.0",
      "resolved": "http://172.16.21.1:8081/repository/npm-group/p-finally/-/p-finally-1.0.0.tgz",
      "integrity": "sha1-P7z7FbiZpEEjs0ttzBi3JDNqLK4="
    },
    "p-timeout": {
      "version": "1.2.0",
      "resolved": "http://172.16.21.1:8081/repository/npm-group/p-timeout/-/p-timeout-1.2.0.tgz",
      "integrity": "sha1-mCD5lDTFgXhotPNICe5SkWYNW2w="
    },
    "prepend-http": {
      "version": "1.0.4",
      "resolved": "http://172.16.21.1:8081/repository/npm-group/prepend-http/-/prepend-http-1.0.4.tgz",
      "integrity": "sha1-1PRWKwzjaW5BrFLQ4ALlemNdxtw="
    },
    "safe-buffer": {
      "version": "5.1.1",
      "resolved": "http://172.16.21.1:8081/repository/npm-group/safe-buffer/-/safe-buffer-5.1.1.tgz",
      "integrity": "sha1-iTMSr2myEj3vcfV4iQAWce6yyFM="
    },
    "timed-out": {
      "version": "4.0.1",
      "resolved": "http://172.16.21.1:8081/repository/npm-group/timed-out/-/timed-out-4.0.1.tgz",
      "integrity": "sha1-8y6srFoXW+ol1/q1Zas+2HQe9W8="
    },
    "url-parse-lax": {
      "version": "1.0.0",
      "resolved": "http://172.16.21.1:8081/repository/npm-group/url-parse-lax/-/url-parse-lax-1.0.0.tgz",
      "integrity": "sha1-evjzA2Rem9eaJy56FKxovAYJ2nM="
    },
    "url-to-options": {
      "version": "1.0.1",
      "resolved": "http://172.16.21.1:8081/repository/npm-group/url-to-options/-/url-to-options-1.0.1.tgz",
      "integrity": "sha1-FQWgOiiaSMvXpDTvuu7FBV9WM6k="
    }
  }
}
